
Microsoft Visual Studio Solution File, Format Version 12.00
# Visual Studio 2013
VisualStudioVersion = 12.0.21005.1
MinimumVisualStudioVersion = 10.0.40219.1
Project("{FAE04EC0-301F-11D3-BF4B-00C04F79EFBC}") = "dll_Escuela", "dll_Escuela\dll_Escuela.csproj", "{50F74FC3-01D1-4DCE-806C-C9FC8CB54027}"
EndProject
Project("{FAE04EC0-301F-11D3-BF4B-00C04F79EFBC}") = "Escuela", "Escuela\Escuela.csproj", "{39C91113-B9F1-44DD-9E07-E6C6B92230AB}"
EndProject
Global
	GlobalSection(SolutionConfigurationPlatforms) = preSolution
		Debug|Any CPU = Debug|Any CPU
		Release|Any CPU = Release|Any CPU
	EndGlobalSection
	GlobalSection(ProjectConfigurationPlatforms) = postSolution
		{50F74FC3-01D1-4DCE-806C-C9FC8CB54027}.Debug|Any CPU.ActiveCfg = Debug|Any CPU
		{50F74FC3-01D1-4DCE-806C-C9FC8CB54027}.Debug|Any CPU.Build.0 = Debug|Any CPU
		{50F74FC3-01D1-4DCE-806C-C9FC8CB54027}.Release|Any CPU.ActiveCfg = Release|Any CPU
		{50F74FC3-01D1-4DCE-806C-C9FC8CB54027}.Release|Any CPU.Build.0 = Release|Any CPU
		{39C91113-B9F1-44DD-9E07-E6C6B92230AB}.Debug|Any CPU.ActiveCfg = Debug|Any CPU
		{39C91113-B9F1-44DD-9E07-E6C6B92230AB}.Debug|Any CPU.Build.0 = Debug|Any CPU
		{39C91113-B9F1-44DD-9E07-E6C6B92230AB}.Release|Any CPU.ActiveCfg = Release|Any CPU
		{39C91113-B9F1-44DD-9E07-E6C6B92230AB}.Release|Any CPU.Build.0 = Release|Any CPU
	EndGlobalSection
	GlobalSection(SolutionProperties) = preSolution
		HideSolutionNode = FALSE
	EndGlobalSection
EndGlobal
